
Microsoft Visual Studio Solution File, Format Version 12.00
# Visual Studio Version 16
VisualStudioVersion = 16.0.31515.178
MinimumVisualStudioVersion = 10.0.40219.1
Project("{9A19103F-16F7-4668-BE54-9A1E7A4F7556}") = "ChatServer", "ChatServer\ChatServer.csproj", "{FEE6008C-A035-4ED0-AE0B-8A0CBEE83695}"
EndProject
Project("{9A19103F-16F7-4668-BE54-9A1E7A4F7556}") = "WPFChat", "Client\WPFChat.csproj", "{11F8F067-4112-4C0C-8E3A-95CA5827AAA4}"
EndProject
Global
	GlobalSection(SolutionConfigurationPlatforms) = preSolution
		Debug|Any CPU = Debug|Any CPU
		Release|Any CPU = Release|Any CPU
	EndGlobalSection
	GlobalSection(ProjectConfigurationPlatforms) = postSolution
		{FEE6008C-A035-4ED0-AE0B-8A0CBEE83695}.Debug|Any CPU.ActiveCfg = Debug|Any CPU
		{FEE6008C-A035-4ED0-AE0B-8A0CBEE83695}.Debug|Any CPU.Build.0 = Debug|Any CPU
		{FEE6008C-A035-4ED0-AE0B-8A0CBEE83695}.Release|Any CPU.ActiveCfg = Release|Any CPU
		{FEE6008C-A035-4ED0-AE0B-8A0CBEE83695}.Release|Any CPU.Build.0 = Release|Any CPU
		{11F8F067-4112-4C0C-8E3A-95CA5827AAA4}.Debug|Any CPU.ActiveCfg = Debug|Any CPU
		{11F8F067-4112-4C0C-8E3A-95CA5827AAA4}.Debug|Any CPU.Build.0 = Debug|Any CPU
		{11F8F067-4112-4C0C-8E3A-95CA5827AAA4}.Release|Any CPU.ActiveCfg = Release|Any CPU
		{11F8F067-4112-4C0C-8E3A-95CA5827AAA4}.Release|Any CPU.Build.0 = Release|Any CPU
	EndGlobalSection
	GlobalSection(SolutionProperties) = preSolution
		HideSolutionNode = FALSE
	EndGlobalSection
	GlobalSection(ExtensibilityGlobals) = postSolution
		SolutionGuid = {B5E04530-EFE4-4AF4-9AE3-A41089FF5C18}
	EndGlobalSection
EndGlobal
